
Microsoft Visual Studio Solution File, Format Version 12.00
# Visual Studio 15
VisualStudioVersion = 15.0.27130.2036
MinimumVisualStudioVersion = 10.0.40219.1
Project("{FAE04EC0-301F-11D3-BF4B-00C04F79EFBC}") = "Simplifier", "Simplifier\Simplifier.csproj", "{1A7E95C2-9C04-42AB-98D3-E9D6A1CE3817}"
EndProject
Global
	GlobalSection(SolutionConfigurationPlatforms) = preSolution
		Debug|Any CPU = Debug|Any CPU
		Release|Any CPU = Release|Any CPU
	EndGlobalSection
	GlobalSection(ProjectConfigurationPlatforms) = postSolution
		{1A7E95C2-9C04-42AB-98D3-E9D6A1CE3817}.Debug|Any CPU.ActiveCfg = Debug|Any CPU
		{1A7E95C2-9C04-42AB-98D3-E9D6A1CE3817}.Debug|Any CPU.Build.0 = Debug|Any CPU
		{1A7E95C2-9C04-42AB-98D3-E9D6A1CE3817}.Release|Any CPU.ActiveCfg = Release|Any CPU
		{1A7E95C2-9C04-42AB-98D3-E9D6A1CE3817}.Release|Any CPU.Build.0 = Release|Any CPU
	EndGlobalSection
	GlobalSection(SolutionProperties) = preSolution
		HideSolutionNode = FALSE
	EndGlobalSection
	GlobalSection(ExtensibilityGlobals) = postSolution
		SolutionGuid = {28E40F5F-124A-4A09-ACEF-ED6EB47013EF}
	EndGlobalSection
EndGlobal
